
Microsoft Visual Studio Solution File, Format Version 12.00
# Visual Studio Version 16
VisualStudioVersion = 16.0.30804.86
MinimumVisualStudioVersion = 10.0.40219.1
Project("{9A19103F-16F7-4668-BE54-9A1E7A4F7556}") = "BookListRazor", "BookListRazor.csproj", "{125FDE1A-6FCC-46A9-9D55-8D739A4B5CEA}"
EndProject
Global
	GlobalSection(SolutionConfigurationPlatforms) = preSolution
		Debug|Any CPU = Debug|Any CPU
		Release|Any CPU = Release|Any CPU
	EndGlobalSection
	GlobalSection(ProjectConfigurationPlatforms) = postSolution
		{125FDE1A-6FCC-46A9-9D55-8D739A4B5CEA}.Debug|Any CPU.ActiveCfg = Debug|Any CPU
		{125FDE1A-6FCC-46A9-9D55-8D739A4B5CEA}.Debug|Any CPU.Build.0 = Debug|Any CPU
		{125FDE1A-6FCC-46A9-9D55-8D739A4B5CEA}.Release|Any CPU.ActiveCfg = Release|Any CPU
		{125FDE1A-6FCC-46A9-9D55-8D739A4B5CEA}.Release|Any CPU.Build.0 = Release|Any CPU
	EndGlobalSection
	GlobalSection(SolutionProperties) = preSolution
		HideSolutionNode = FALSE
	EndGlobalSection
	GlobalSection(ExtensibilityGlobals) = postSolution
		SolutionGuid = {DBE162FF-34A2-41AD-BC56-86C096768277}
	EndGlobalSection
EndGlobal
